
Microsoft Visual Studio Solution File, Format Version 12.00
# Visual Studio Version 16
VisualStudioVersion = 16.0.31229.387
MinimumVisualStudioVersion = 10.0.40219.1
Project("{FAE04EC0-301F-11D3-BF4B-00C04F79EFBC}") = "Stemming", "Stemming\Stemming.csproj", "{F9B84ADA-6A63-4B47-8949-66EC25719B45}"
EndProject
Global
	GlobalSection(SolutionConfigurationPlatforms) = preSolution
		Debug|Any CPU = Debug|Any CPU
		Release|Any CPU = Release|Any CPU
	EndGlobalSection
	GlobalSection(ProjectConfigurationPlatforms) = postSolution
		{F9B84ADA-6A63-4B47-8949-66EC25719B45}.Debug|Any CPU.ActiveCfg = Debug|Any CPU
		{F9B84ADA-6A63-4B47-8949-66EC25719B45}.Debug|Any CPU.Build.0 = Debug|Any CPU
		{F9B84ADA-6A63-4B47-8949-66EC25719B45}.Release|Any CPU.ActiveCfg = Release|Any CPU
		{F9B84ADA-6A63-4B47-8949-66EC25719B45}.Release|Any CPU.Build.0 = Release|Any CPU
	EndGlobalSection
	GlobalSection(SolutionProperties) = preSolution
		HideSolutionNode = FALSE
	EndGlobalSection
	GlobalSection(ExtensibilityGlobals) = postSolution
		SolutionGuid = {6ACD0842-50ED-418D-B8FE-384766E1FBDE}
	EndGlobalSection
EndGlobal
